
Microsoft Visual Studio Solution File, Format Version 12.00
# Visual Studio Version 17
VisualStudioVersion = 17.7.34031.279
MinimumVisualStudioVersion = 10.0.40219.1
Project("{FAE04EC0-301F-11D3-BF4B-00C04F79EFBC}") = "Assignment(Team-1)", "Assignment(Team-1)\Assignment(Team-1).csproj", "{F54754BF-8EAC-4351-BDC9-A085EFD9A67E}"
EndProject
Global
	GlobalSection(SolutionConfigurationPlatforms) = preSolution
		Debug|Any CPU = Debug|Any CPU
		Release|Any CPU = Release|Any CPU
	EndGlobalSection
	GlobalSection(ProjectConfigurationPlatforms) = postSolution
		{F54754BF-8EAC-4351-BDC9-A085EFD9A67E}.Debug|Any CPU.ActiveCfg = Debug|Any CPU
		{F54754BF-8EAC-4351-BDC9-A085EFD9A67E}.Debug|Any CPU.Build.0 = Debug|Any CPU
		{F54754BF-8EAC-4351-BDC9-A085EFD9A67E}.Release|Any CPU.ActiveCfg = Release|Any CPU
		{F54754BF-8EAC-4351-BDC9-A085EFD9A67E}.Release|Any CPU.Build.0 = Release|Any CPU
	EndGlobalSection
	GlobalSection(SolutionProperties) = preSolution
		HideSolutionNode = FALSE
	EndGlobalSection
	GlobalSection(ExtensibilityGlobals) = postSolution
		SolutionGuid = {DD94D7F1-8616-4C23-BC5E-24F2025F7F15}
	EndGlobalSection
EndGlobal
